
Microsoft Visual Studio Solution File, Format Version 12.00
# Visual Studio Version 16
VisualStudioVersion = 16.0.31702.278
MinimumVisualStudioVersion = 10.0.40219.1
Project("{2150E333-8FDC-42A3-9474-1A3956D46DE8}") = "src", "src", "{13A99F60-FAE7-4ED6-9B69-E5FE8504BA62}"
EndProject
Project("{2150E333-8FDC-42A3-9474-1A3956D46DE8}") = "common", "common", "{AD4035B0-384C-48A0-B1CA-382048A0D2D8}"
	ProjectSection(SolutionItems) = preProject
		.editorconfige = .editorconfige
		.gitignore = .gitignore
		readme.md = readme.md
	EndProjectSection
EndProject
Project("{2150E333-8FDC-42A3-9474-1A3956D46DE8}") = "tests", "tests", "{FDAE759F-585F-4E8F-8762-4D59A56A82FD}"
EndProject
Project("{2150E333-8FDC-42A3-9474-1A3956D46DE8}") = "tools", "tools", "{D5E73602-DAB5-4A47-917B-E121A288CF44}"
EndProject
Project("{2150E333-8FDC-42A3-9474-1A3956D46DE8}") = "deploy", "deploy", "{A48D2B62-348C-4019-B9BE-C236F67127F8}"
	ProjectSection(SolutionItems) = preProject
		docker-compose.yml = docker-compose.yml
		dockerfile = dockerfile
	EndProjectSection
EndProject
Project("{9A19103F-16F7-4668-BE54-9A1E7A4F7556}") = "OzonEdu.MerchandiseService", "src\OzonEdu.MerchandiseService\OzonEdu.MerchandiseService.csproj", "{76231F88-05D0-4CD3-BD0E-CF5EB408FC03}"
EndProject
Project("{2150E333-8FDC-42A3-9474-1A3956D46DE8}") = ".o3", ".o3", "{B9E78F49-1927-4D60-8856-6A7A2766C90B}"
EndProject
Project("{9A19103F-16F7-4668-BE54-9A1E7A4F7556}") = "OzonEdu.MerchandiseService.ConsoleHttpClient", "src\OzonEdu.MerchandiseService.ConsoleHttpClient\OzonEdu.MerchandiseService.ConsoleHttpClient.csproj", "{BD255EFA-D4BB-455E-A5F8-2746045B6346}"
EndProject
Project("{9A19103F-16F7-4668-BE54-9A1E7A4F7556}") = "OzonEdu.MerchandiseService.Grpc", "src\OzonEdu.MerchandiseService.Grpc\OzonEdu.MerchandiseService.Grpc.csproj", "{511829BE-1A24-4AD3-8D64-6537FBE2AF55}"
EndProject
Project("{9A19103F-16F7-4668-BE54-9A1E7A4F7556}") = "OzonEdu.MerchandiseService.GrpcClient", "src\OzonEdu.MerchandiseService.GrpcClient\OzonEdu.MerchandiseService.GrpcClient.csproj", "{4486EEC9-28B9-40F5-916A-A468D2985D97}"
EndProject
Project("{9A19103F-16F7-4668-BE54-9A1E7A4F7556}") = "OzonEdu.MerchandiseService.Models", "src\OzonEdu.MerchandiseService.Models\OzonEdu.MerchandiseService.Models.csproj", "{7E379648-80A4-42E8-923D-A2D9D80BC9CB}"
EndProject
Project("{9A19103F-16F7-4668-BE54-9A1E7A4F7556}") = "OzonEdu.MerchandiseService.Infrastructure", "src\OzonEdu.MerchandiseService.Infrastructure\OzonEdu.MerchandiseService.Infrastructure.csproj", "{A933345D-66D2-4EB5-8C87-E77566501D1F}"
EndProject
Project("{2150E333-8FDC-42A3-9474-1A3956D46DE8}") = "ConsoleClients", "ConsoleClients", "{69DAB192-2C71-4CE8-990A-F2747DC4ECDC}"
EndProject
Global
	GlobalSection(SolutionConfigurationPlatforms) = preSolution
		Debug|Any CPU = Debug|Any CPU
		Release|Any CPU = Release|Any CPU
	EndGlobalSection
	GlobalSection(ProjectConfigurationPlatforms) = postSolution
		{76231F88-05D0-4CD3-BD0E-CF5EB408FC03}.Debug|Any CPU.ActiveCfg = Debug|Any CPU
		{76231F88-05D0-4CD3-BD0E-CF5EB408FC03}.Debug|Any CPU.Build.0 = Debug|Any CPU
		{76231F88-05D0-4CD3-BD0E-CF5EB408FC03}.Release|Any CPU.ActiveCfg = Release|Any CPU
		{76231F88-05D0-4CD3-BD0E-CF5EB408FC03}.Release|Any CPU.Build.0 = Release|Any CPU
		{BD255EFA-D4BB-455E-A5F8-2746045B6346}.Debug|Any CPU.ActiveCfg = Debug|Any CPU
		{BD255EFA-D4BB-455E-A5F8-2746045B6346}.Debug|Any CPU.Build.0 = Debug|Any CPU
		{BD255EFA-D4BB-455E-A5F8-2746045B6346}.Release|Any CPU.ActiveCfg = Release|Any CPU
		{BD255EFA-D4BB-455E-A5F8-2746045B6346}.Release|Any CPU.Build.0 = Release|Any CPU
		{511829BE-1A24-4AD3-8D64-6537FBE2AF55}.Debug|Any CPU.ActiveCfg = Debug|Any CPU
		{511829BE-1A24-4AD3-8D64-6537FBE2AF55}.Debug|Any CPU.Build.0 = Debug|Any CPU
		{511829BE-1A24-4AD3-8D64-6537FBE2AF55}.Release|Any CPU.ActiveCfg = Release|Any CPU
		{511829BE-1A24-4AD3-8D64-6537FBE2AF55}.Release|Any CPU.Build.0 = Release|Any CPU
		{4486EEC9-28B9-40F5-916A-A468D2985D97}.Debug|Any CPU.ActiveCfg = Debug|Any CPU
		{4486EEC9-28B9-40F5-916A-A468D2985D97}.Debug|Any CPU.Build.0 = Debug|Any CPU
		{4486EEC9-28B9-40F5-916A-A468D2985D97}.Release|Any CPU.ActiveCfg = Release|Any CPU
		{4486EEC9-28B9-40F5-916A-A468D2985D97}.Release|Any CPU.Build.0 = Release|Any CPU
		{7E379648-80A4-42E8-923D-A2D9D80BC9CB}.Debug|Any CPU.ActiveCfg = Debug|Any CPU
		{7E379648-80A4-42E8-923D-A2D9D80BC9CB}.Debug|Any CPU.Build.0 = Debug|Any CPU
		{7E379648-80A4-42E8-923D-A2D9D80BC9CB}.Release|Any CPU.ActiveCfg = Release|Any CPU
		{7E379648-80A4-42E8-923D-A2D9D80BC9CB}.Release|Any CPU.Build.0 = Release|Any CPU
		{A933345D-66D2-4EB5-8C87-E77566501D1F}.Debug|Any CPU.ActiveCfg = Debug|Any CPU
		{A933345D-66D2-4EB5-8C87-E77566501D1F}.Debug|Any CPU.Build.0 = Debug|Any CPU
		{A933345D-66D2-4EB5-8C87-E77566501D1F}.Release|Any CPU.ActiveCfg = Release|Any CPU
		{A933345D-66D2-4EB5-8C87-E77566501D1F}.Release|Any CPU.Build.0 = Release|Any CPU
	EndGlobalSection
	GlobalSection(SolutionProperties) = preSolution
		HideSolutionNode = FALSE
	EndGlobalSection
	GlobalSection(NestedProjects) = preSolution
		{76231F88-05D0-4CD3-BD0E-CF5EB408FC03} = {13A99F60-FAE7-4ED6-9B69-E5FE8504BA62}
		{BD255EFA-D4BB-455E-A5F8-2746045B6346} = {69DAB192-2C71-4CE8-990A-F2747DC4ECDC}
		{511829BE-1A24-4AD3-8D64-6537FBE2AF55} = {13A99F60-FAE7-4ED6-9B69-E5FE8504BA62}
		{4486EEC9-28B9-40F5-916A-A468D2985D97} = {69DAB192-2C71-4CE8-990A-F2747DC4ECDC}
		{7E379648-80A4-42E8-923D-A2D9D80BC9CB} = {13A99F60-FAE7-4ED6-9B69-E5FE8504BA62}
		{A933345D-66D2-4EB5-8C87-E77566501D1F} = {13A99F60-FAE7-4ED6-9B69-E5FE8504BA62}
		{69DAB192-2C71-4CE8-990A-F2747DC4ECDC} = {13A99F60-FAE7-4ED6-9B69-E5FE8504BA62}
	EndGlobalSection
	GlobalSection(ExtensibilityGlobals) = postSolution
		SolutionGuid = {EC8BE419-4BA0-4004-9718-8DFF2EAF09E4}
	EndGlobalSection
EndGlobal
